
Microsoft Visual Studio Solution File, Format Version 12.00
# Visual Studio Version 16
VisualStudioVersion = 16.0.31702.278
MinimumVisualStudioVersion = 10.0.40219.1
Project("{9A19103F-16F7-4668-BE54-9A1E7A4F7556}") = "SpaceShooter", "SpaceShooter.csproj", "{8409F854-ACD3-4672-9A51-D8E8603AC75C}"
EndProject
Global
	GlobalSection(SolutionConfigurationPlatforms) = preSolution
		Debug|Any CPU = Debug|Any CPU
		Release|Any CPU = Release|Any CPU
	EndGlobalSection
	GlobalSection(ProjectConfigurationPlatforms) = postSolution
		{8409F854-ACD3-4672-9A51-D8E8603AC75C}.Debug|Any CPU.ActiveCfg = Debug|Any CPU
		{8409F854-ACD3-4672-9A51-D8E8603AC75C}.Debug|Any CPU.Build.0 = Debug|Any CPU
		{8409F854-ACD3-4672-9A51-D8E8603AC75C}.Release|Any CPU.ActiveCfg = Release|Any CPU
		{8409F854-ACD3-4672-9A51-D8E8603AC75C}.Release|Any CPU.Build.0 = Release|Any CPU
	EndGlobalSection
	GlobalSection(SolutionProperties) = preSolution
		HideSolutionNode = FALSE
	EndGlobalSection
	GlobalSection(ExtensibilityGlobals) = postSolution
		SolutionGuid = {E3B98C63-E5A9-4A74-B79E-45895DFDF6C7}
	EndGlobalSection
EndGlobal
